
Microsoft Visual Studio Solution File, Format Version 12.00
# Visual Studio Version 16
VisualStudioVersion = 16.0.32228.343
MinimumVisualStudioVersion = 10.0.40219.1
Project("{FAE04EC0-301F-11D3-BF4B-00C04F79EFBC}") = "Test-Projekat", "Test-Projekat.csproj", "{8F2E57E4-1DF6-429A-BBFC-94EA3138DDF6}"
EndProject
Global
	GlobalSection(SolutionConfigurationPlatforms) = preSolution
		Debug|Any CPU = Debug|Any CPU
		Release|Any CPU = Release|Any CPU
	EndGlobalSection
	GlobalSection(ProjectConfigurationPlatforms) = postSolution
		{8F2E57E4-1DF6-429A-BBFC-94EA3138DDF6}.Debug|Any CPU.ActiveCfg = Debug|Any CPU
		{8F2E57E4-1DF6-429A-BBFC-94EA3138DDF6}.Debug|Any CPU.Build.0 = Debug|Any CPU
		{8F2E57E4-1DF6-429A-BBFC-94EA3138DDF6}.Release|Any CPU.ActiveCfg = Release|Any CPU
		{8F2E57E4-1DF6-429A-BBFC-94EA3138DDF6}.Release|Any CPU.Build.0 = Release|Any CPU
	EndGlobalSection
	GlobalSection(SolutionProperties) = preSolution
		HideSolutionNode = FALSE
	EndGlobalSection
	GlobalSection(ExtensibilityGlobals) = postSolution
		SolutionGuid = {EB8EBEFB-03CC-465E-9D95-9289E08BACC0}
	EndGlobalSection
EndGlobal
